
Microsoft Visual Studio Solution File, Format Version 12.00
# Visual Studio Version 16
VisualStudioVersion = 16.0.30621.155
MinimumVisualStudioVersion = 10.0.40219.1
Project("{FAE04EC0-301F-11D3-BF4B-00C04F79EFBC}") = "LOGI", "LOGI.csproj", "{5D3A45DE-9537-40B1-989C-6BDE3B4A84BC}"
EndProject
Global
	GlobalSection(SolutionConfigurationPlatforms) = preSolution
		Debug|Any CPU = Debug|Any CPU
		Release|Any CPU = Release|Any CPU
	EndGlobalSection
	GlobalSection(ProjectConfigurationPlatforms) = postSolution
		{5D3A45DE-9537-40B1-989C-6BDE3B4A84BC}.Debug|Any CPU.ActiveCfg = Debug|Any CPU
		{5D3A45DE-9537-40B1-989C-6BDE3B4A84BC}.Debug|Any CPU.Build.0 = Debug|Any CPU
		{5D3A45DE-9537-40B1-989C-6BDE3B4A84BC}.Release|Any CPU.ActiveCfg = Release|Any CPU
		{5D3A45DE-9537-40B1-989C-6BDE3B4A84BC}.Release|Any CPU.Build.0 = Release|Any CPU
	EndGlobalSection
	GlobalSection(SolutionProperties) = preSolution
		HideSolutionNode = FALSE
	EndGlobalSection
	GlobalSection(ExtensibilityGlobals) = postSolution
		SolutionGuid = {16FBC064-355B-4696-ACBA-B0F504103A4B}
	EndGlobalSection
EndGlobal
